
Microsoft Visual Studio Solution File, Format Version 12.00
# Visual Studio Version 17
VisualStudioVersion = 17.0.31903.59
MinimumVisualStudioVersion = 10.0.40219.1
Project("9A19103F-16F7-4668-BE54-9A1E7A4F7556") = "DotZLib", "Client\MassFileLib\zlib\contrib\dotzlib\DotZLib\DotZLib.csproj", "{8C986117-0A88-4B2D-BB7A-6D5382C8C944}"
EndProject
Project("9A19103F-16F7-4668-BE54-9A1E7A4F7556") = "distribution_explorer", "Libs\ExternalLib\Boost\boost_1_67_0\libs\math\dot_net_example\distribution_explorer\distribution_explorer.csproj", "{F99E7001-4EA8-4C64-9982-AE9E3E0820DB}"
EndProject
Project("9A19103F-16F7-4668-BE54-9A1E7A4F7556") = "Properties", "Libs\ExternalLib\Boost\boost_1_67_0\libs\math\dot_net_example\distribution_explorer\Properties\Properties.csproj", "{8AAAA546-7976-4200-9399-668B4034C419}"
EndProject
Project("9A19103F-16F7-4668-BE54-9A1E7A4F7556") = "DotZLib", "Libs\ExternalLib\Boost\boost_1_67_0\libs\beast\test\extern\zlib-1.2.11\contrib\dotzlib\DotZLib\DotZLib.csproj", "{4797000B-B18B-467B-B768-7E3E1BEE45E3}"
EndProject
Global
	GlobalSection(SolutionConfigurationPlatforms) = preSolution
		Debug|Any CPU = Debug|Any CPU
		Release|Any CPU = Release|Any CPU
	EndGlobalSection
	GlobalSection(ProjectConfigurationPlatforms) = postSolution
		{8C986117-0A88-4B2D-BB7A-6D5382C8C944}.Debug|Any CPU.ActiveCfg = Debug|Any CPU
		{8C986117-0A88-4B2D-BB7A-6D5382C8C944}.Debug|Any CPU.Build.0 = Debug|Any CPU
		{8C986117-0A88-4B2D-BB7A-6D5382C8C944}.Release|Any CPU.ActiveCfg = Release|Any CPU
		{8C986117-0A88-4B2D-BB7A-6D5382C8C944}.Release|Any CPU.Build.0 = Release|Any CPU
		{F99E7001-4EA8-4C64-9982-AE9E3E0820DB}.Debug|Any CPU.ActiveCfg = Debug|Any CPU
		{F99E7001-4EA8-4C64-9982-AE9E3E0820DB}.Debug|Any CPU.Build.0 = Debug|Any CPU
		{F99E7001-4EA8-4C64-9982-AE9E3E0820DB}.Release|Any CPU.ActiveCfg = Release|Any CPU
		{F99E7001-4EA8-4C64-9982-AE9E3E0820DB}.Release|Any CPU.Build.0 = Release|Any CPU
		{8AAAA546-7976-4200-9399-668B4034C419}.Debug|Any CPU.ActiveCfg = Debug|Any CPU
		{8AAAA546-7976-4200-9399-668B4034C419}.Debug|Any CPU.Build.0 = Debug|Any CPU
		{8AAAA546-7976-4200-9399-668B4034C419}.Release|Any CPU.ActiveCfg = Release|Any CPU
		{8AAAA546-7976-4200-9399-668B4034C419}.Release|Any CPU.Build.0 = Release|Any CPU
		{4797000B-B18B-467B-B768-7E3E1BEE45E3}.Debug|Any CPU.ActiveCfg = Debug|Any CPU
		{4797000B-B18B-467B-B768-7E3E1BEE45E3}.Debug|Any CPU.Build.0 = Debug|Any CPU
		{4797000B-B18B-467B-B768-7E3E1BEE45E3}.Release|Any CPU.ActiveCfg = Release|Any CPU
		{4797000B-B18B-467B-B768-7E3E1BEE45E3}.Release|Any CPU.Build.0 = Release|Any CPU
	EndGlobalSection
	GlobalSection(SolutionProperties) = preSolution
		HideSolutionNode = FALSE
	EndGlobalSection
	GlobalSection(ExtensibilityGlobals) = postSolution
		SolutionGuid = {72F5FD5C-2250-4278-A87D-C9AA049A98CD}
	EndGlobalSection
EndGlobal
