
Microsoft Visual Studio Solution File, Format Version 12.00
# Visual Studio Version 17
VisualStudioVersion = 17.0.31903.59
MinimumVisualStudioVersion = 10.0.40219.1
Project("9A19103F-16F7-4668-BE54-9A1E7A4F7556") = "DotZLib", "Client\MassFileLib\zlib\contrib\dotzlib\DotZLib\DotZLib.csproj", "{684048E2-C7B9-4B02-8D28-9619A38070B3}"
EndProject
Project("9A19103F-16F7-4668-BE54-9A1E7A4F7556") = "distribution_explorer", "Libs\ExternalLib\Boost\boost_1_67_0\libs\math\dot_net_example\distribution_explorer\distribution_explorer.csproj", "{9352D5B3-1611-4248-9170-E51100A00D22}"
EndProject
Project("9A19103F-16F7-4668-BE54-9A1E7A4F7556") = "Properties", "Libs\ExternalLib\Boost\boost_1_67_0\libs\math\dot_net_example\distribution_explorer\Properties\Properties.csproj", "{A420005A-AFB6-41FB-BF59-0820FFA7046E}"
EndProject
Project("9A19103F-16F7-4668-BE54-9A1E7A4F7556") = "DotZLib", "Libs\ExternalLib\Boost\boost_1_67_0\libs\beast\test\extern\zlib-1.2.11\contrib\dotzlib\DotZLib\DotZLib.csproj", "{F3730B41-3F59-4D17-9A7A-D5D47D675402}"
EndProject
Global
	GlobalSection(SolutionConfigurationPlatforms) = preSolution
		Debug|Any CPU = Debug|Any CPU
		Release|Any CPU = Release|Any CPU
	EndGlobalSection
	GlobalSection(ProjectConfigurationPlatforms) = postSolution
		{684048E2-C7B9-4B02-8D28-9619A38070B3}.Debug|Any CPU.ActiveCfg = Debug|Any CPU
		{684048E2-C7B9-4B02-8D28-9619A38070B3}.Debug|Any CPU.Build.0 = Debug|Any CPU
		{684048E2-C7B9-4B02-8D28-9619A38070B3}.Release|Any CPU.ActiveCfg = Release|Any CPU
		{684048E2-C7B9-4B02-8D28-9619A38070B3}.Release|Any CPU.Build.0 = Release|Any CPU
		{9352D5B3-1611-4248-9170-E51100A00D22}.Debug|Any CPU.ActiveCfg = Debug|Any CPU
		{9352D5B3-1611-4248-9170-E51100A00D22}.Debug|Any CPU.Build.0 = Debug|Any CPU
		{9352D5B3-1611-4248-9170-E51100A00D22}.Release|Any CPU.ActiveCfg = Release|Any CPU
		{9352D5B3-1611-4248-9170-E51100A00D22}.Release|Any CPU.Build.0 = Release|Any CPU
		{A420005A-AFB6-41FB-BF59-0820FFA7046E}.Debug|Any CPU.ActiveCfg = Debug|Any CPU
		{A420005A-AFB6-41FB-BF59-0820FFA7046E}.Debug|Any CPU.Build.0 = Debug|Any CPU
		{A420005A-AFB6-41FB-BF59-0820FFA7046E}.Release|Any CPU.ActiveCfg = Release|Any CPU
		{A420005A-AFB6-41FB-BF59-0820FFA7046E}.Release|Any CPU.Build.0 = Release|Any CPU
		{F3730B41-3F59-4D17-9A7A-D5D47D675402}.Debug|Any CPU.ActiveCfg = Debug|Any CPU
		{F3730B41-3F59-4D17-9A7A-D5D47D675402}.Debug|Any CPU.Build.0 = Debug|Any CPU
		{F3730B41-3F59-4D17-9A7A-D5D47D675402}.Release|Any CPU.ActiveCfg = Release|Any CPU
		{F3730B41-3F59-4D17-9A7A-D5D47D675402}.Release|Any CPU.Build.0 = Release|Any CPU
	EndGlobalSection
	GlobalSection(SolutionProperties) = preSolution
		HideSolutionNode = FALSE
	EndGlobalSection
	GlobalSection(ExtensibilityGlobals) = postSolution
		SolutionGuid = {53FB528F-AD25-4861-BED9-10BFEA0EB60B}
	EndGlobalSection
EndGlobal
